<?xml version="1.0" encoding="utf-8"?>
<Project ToolsVersion="4.0" xmlns="http://schemas.microsoft.com/developer/msbuild/2003">
  <ItemGroup>
    <ClCompile Include="main.cpp" />
    <ClCompile Include="Color.cpp">
      <Filter>Source</Filter>
    </ClCompile>
    <ClCompile Include="common.cpp">
      <Filter>Source</Filter>
    </ClCompile>
    <ClCompile Include="D3D9Overlay.cpp">
      <Filter>Source</Filter>
    </ClCompile>
    <ClCompile Include="D3D9Surface.cpp">
      <Filter>Source</Filter>
    </ClCompile>
    <ClCompile Include="Overlay.cpp">
      <Filter>Source</Filter>
    </ClCompile>
    <ClCompile Include="Surface.cpp">
      <Filter>Source</Filter>
    </ClCompile>
    <ClCompile Include="Utils.cpp">
      <Filter>Source</Filter>
    </ClCompile>
  </ItemGroup>
  <ItemGroup>
    <ClInclude Include="Color.h">
      <Filter>Headers</Filter>
    </ClInclude>
    <ClInclude Include="common.h">
      <Filter>Headers</Filter>
    </ClInclude>
    <ClInclude Include="D3D9Overlay.h">
      <Filter>Headers</Filter>
    </ClInclude>
    <ClInclude Include="D3D9Surface.h">
      <Filter>Headers</Filter>
    </ClInclude>
    <ClInclude Include="Overlay.h">
      <Filter>Headers</Filter>
    </ClInclude>
    <ClInclude Include="PatternScanner.h">
      <Filter>Headers</Filter>
    </ClInclude>
    <ClInclude Include="stdafx.h">
      <Filter>Headers</Filter>
    </ClInclude>
    <ClInclude Include="Surface.h">
      <Filter>Headers</Filter>
    </ClInclude>
  </ItemGroup>
  <ItemGroup>
    <Filter Include="Headers">
      <UniqueIdentifier>{6413af5f-11c4-4baa-a9bd-3b05a7faaa60}</UniqueIdentifier>
    </Filter>
    <Filter Include="Source">
      <UniqueIdentifier>{ef1a4c30-705a-4ad3-91c5-ea499b7d3902}</UniqueIdentifier>
    </Filter>
  </ItemGroup>
</Project>